{
  "nodes": {
    "flake-utils": {
      "inputs": {
        "systems": "systems"
      },
      "locked": {
        "lastModified": 1726560853,
        "narHash": "sha256-X6rJYSESBVr3hBoH0WbKE5KvhPU5bloyZ2L4K60/fPQ=",
        "owner": "numtide",
        "repo": "flake-utils",
        "rev": "c1dfcf08411b08f6b8615f7d8971a2bfa81d5e8a",
        "type": "github"
      },
      "original": {
        "owner": "numtide",
        "repo": "flake-utils",
        "type": "github"
      }
    },
    "nodejs-nixpkgs": {
      "locked": {
        "lastModified": 1694343207,
        "narHash": "sha256-jWi7OwFxU5Owi4k2JmiL1sa/OuBCQtpaAesuj5LXC8w=",
        "owner": "NixOS",
        "repo": "nixpkgs",
        "rev": "78058d810644f5ed276804ce7ea9e82d92bee293",
        "type": "github"
      },
      "original": {
        "owner": "NixOS",
        "repo": "nixpkgs",
        "rev": "78058d810644f5ed276804ce7ea9e82d92bee293",
        "type": "github"
      }
    },
    "pyproject-nix": {
      "flake": false,
      "locked": {
        "lastModified": 1727951589,
        "narHash": "sha256-/gPhr5thmc/Li2L+OoOyGe5Sef6j3Zzp44zRcbokysM=",
        "owner": "nix-community",
        "repo": "pyproject.nix",
        "rev": "ed7903195e72b2fd00dfaa3be9e9bcab8f2957ad",
        "type": "github"
      },
      "original": {
        "owner": "nix-community",
        "repo": "pyproject.nix",
        "type": "github"
      }
    },
    "python-nixpkgs": {
      "locked": {
        "lastModified": 1702508050,
        "narHash": "sha256-imn+/Rj+bqagOSm7GmRDbrqkxtc7QnjY3Cu85gv46BU=",
        "owner": "NixOS",
        "repo": "nixpkgs",
        "rev": "fd04bea4cbf76f86f244b9e2549fca066db8ddff",
        "type": "github"
      },
      "original": {
        "owner": "NixOS",
        "repo": "nixpkgs",
        "rev": "fd04bea4cbf76f86f244b9e2549fca066db8ddff",
        "type": "github"
      }
    },
    "restic-nixpkgs": {
      "locked": {
        "lastModified": 1728863046,
        "narHash": "sha256-DZBO2465PL5V89e8hFSJewyH4QbCPpW3ssws7ckT/0A=",
        "owner": "NixOS",
        "repo": "nixpkgs",
        "rev": "d4f247e89f6e10120f911e2e2d2254a050d0f732",
        "type": "github"
      },
      "original": {
        "owner": "NixOS",
        "repo": "nixpkgs",
        "rev": "d4f247e89f6e10120f911e2e2d2254a050d0f732",
        "type": "github"
      }
    },
    "root": {
      "inputs": {
        "flake-utils": "flake-utils",
        "nodejs-nixpkgs": "nodejs-nixpkgs",
        "pyproject-nix": "pyproject-nix",
        "python-nixpkgs": "python-nixpkgs",
        "restic-nixpkgs": "restic-nixpkgs"
      }
    },
    "systems": {
      "locked": {
        "lastModified": 1681028828,
        "narHash": "sha256-Vy1rq5AaRuLzOxct8nz4T6wlgyUR7zLU309k9mBC768=",
        "owner": "nix-systems",
        "repo": "default",
        "rev": "da67096a3b9bf56a91d16901293e51ba5b49a27e",
        "type": "github"
      },
      "original": {
        "owner": "nix-systems",
        "repo": "default",
        "type": "github"
      }
    }
  },
  "root": "root",
  "version": 7
}
